
Microsoft Visual Studio Solution File, Format Version 12.00
# Visual Studio Version 16
VisualStudioVersion = 16.0.30907.101
MinimumVisualStudioVersion = 10.0.40219.1
Project("{FAE04EC0-301F-11D3-BF4B-00C04F79EFBC}") = "TheGospel", "TheGospel.csproj", "{188C7EFE-6D0C-4507-8B8C-752DFBD0CF3B}"
EndProject
Global
	GlobalSection(SolutionConfigurationPlatforms) = preSolution
		Debug|Any CPU = Debug|Any CPU
		Release|Any CPU = Release|Any CPU
	EndGlobalSection
	GlobalSection(ProjectConfigurationPlatforms) = postSolution
		{188C7EFE-6D0C-4507-8B8C-752DFBD0CF3B}.Debug|Any CPU.ActiveCfg = Debug|Any CPU
		{188C7EFE-6D0C-4507-8B8C-752DFBD0CF3B}.Debug|Any CPU.Build.0 = Debug|Any CPU
		{188C7EFE-6D0C-4507-8B8C-752DFBD0CF3B}.Release|Any CPU.ActiveCfg = Release|Any CPU
		{188C7EFE-6D0C-4507-8B8C-752DFBD0CF3B}.Release|Any CPU.Build.0 = Release|Any CPU
	EndGlobalSection
	GlobalSection(SolutionProperties) = preSolution
		HideSolutionNode = FALSE
	EndGlobalSection
	GlobalSection(ExtensibilityGlobals) = postSolution
		SolutionGuid = {3B21D7F8-842E-46E8-AD4F-3182399BA35C}
	EndGlobalSection
EndGlobal
